// !$*UTF8*$!
{
	archiveVersion = 1;
	classes = {
	};
	objectVersion = 50;
	objects = {

/* Begin PBXBuildFile section */
		3A04E31024BF61B700CB5427 /* WeatherData.swift in Sources */ = {isa = PBXBuildFile; fileRef = 3A04E30F24BF61B700CB5427 /* WeatherData.swift */; };
		3A04E31224BF756D00CB5427 /* WeatherDetails.swift in Sources */ = {isa = PBXBuildFile; fileRef = 3A04E31124BF756D00CB5427 /* WeatherDetails.swift */; };
		3A04E31424BF758800CB5427 /* WeatherDescription.swift in Sources */ = {isa = PBXBuildFile; fileRef = 3A04E31324BF758800CB5427 /* WeatherDescription.swift */; };
		3A05714E2533663F0037D425 /* colors.plist in Resources */ = {isa = PBXBuildFile; fileRef = 3A05714D2533663F0037D425 /* colors.plist */; };
		3A06F29E24C2427F00ED1BA1 /* City.swift in Sources */ = {isa = PBXBuildFile; fileRef = 3A06F29D24C2427F00ED1BA1 /* City.swift */; };
		3A06F2A024C2458000ED1BA1 /* CityList.swift in Sources */ = {isa = PBXBuildFile; fileRef = 3A06F29F24C2458000ED1BA1 /* CityList.swift */; };
		3A06F2A224C245B300ED1BA1 /* CityListView.swift in Sources */ = {isa = PBXBuildFile; fileRef = 3A06F2A124C245B300ED1BA1 /* CityListView.swift */; };
		3A06F2A424C246EE00ED1BA1 /* CityRow.swift in Sources */ = {isa = PBXBuildFile; fileRef = 3A06F2A324C246EE00ED1BA1 /* CityRow.swift */; };
		3A06F2A624C2476400ED1BA1 /* CityWeatherView.swift in Sources */ = {isa = PBXBuildFile; fileRef = 3A06F2A524C2476400ED1BA1 /* CityWeatherView.swift */; };
		3A06F2A924C257D600ED1BA1 /* Palette.swift in Sources */ = {isa = PBXBuildFile; fileRef = 3A06F2A824C257D600ED1BA1 /* Palette.swift */; };
		3A06F2AC24C257F800ED1BA1 /* BackgroundGradient.swift in Sources */ = {isa = PBXBuildFile; fileRef = 3A06F2AB24C257F800ED1BA1 /* BackgroundGradient.swift */; };
		3A06F2AE24C25E7E00ED1BA1 /* AddCityView.swift in Sources */ = {isa = PBXBuildFile; fileRef = 3A06F2AD24C25E7E00ED1BA1 /* AddCityView.swift */; };
		3A06F2E724C36CF500ED1BA1 /* DetailButtons.swift in Sources */ = {isa = PBXBuildFile; fileRef = 3A06F2E624C36CF500ED1BA1 /* DetailButtons.swift */; };
		3A06F2E924C3784F00ED1BA1 /* WeatherWind.swift in Sources */ = {isa = PBXBuildFile; fileRef = 3A06F2E824C3784F00ED1BA1 /* WeatherWind.swift */; };
		3A06F2EE24C3BB3900ED1BA1 /* Quote.swift in Sources */ = {isa = PBXBuildFile; fileRef = 3A06F2ED24C3BB3900ED1BA1 /* Quote.swift */; };
		3A06F2F424C3C2F100ED1BA1 /* QuoteData.swift in Sources */ = {isa = PBXBuildFile; fileRef = 3A06F2F324C3C2F100ED1BA1 /* QuoteData.swift */; };
		3A06F2FE24C4E17000ED1BA1 /* SpotifyiOS.framework in Frameworks */ = {isa = PBXBuildFile; fileRef = 3A06F2FD24C4E17000ED1BA1 /* SpotifyiOS.framework */; };
		3A6F31402503D758003264CD /* JacketRegressionModel.swift in Sources */ = {isa = PBXBuildFile; fileRef = 3A6F313F2503D758003264CD /* JacketRegressionModel.swift */; };
		3A6F31432503D898003264CD /* MorningBird.xcdatamodeld in Sources */ = {isa = PBXBuildFile; fileRef = 3A6F31412503D898003264CD /* MorningBird.xcdatamodeld */; };
		3A6F31452503E7F4003264CD /* JacketWornSurvey.swift in Sources */ = {isa = PBXBuildFile; fileRef = 3A6F31442503E7F4003264CD /* JacketWornSurvey.swift */; };
		3A6F314725040AE0003264CD /* UserCity+Extensions.swift in Sources */ = {isa = PBXBuildFile; fileRef = 3A6F314625040AE0003264CD /* UserCity+Extensions.swift */; };
		3A6F314925040B1C003264CD /* UserJacketData+Extensions.swift in Sources */ = {isa = PBXBuildFile; fileRef = 3A6F314825040B1C003264CD /* UserJacketData+Extensions.swift */; };
		3A6F314B25051F33003264CD /* JacketSurveyCard.swift in Sources */ = {isa = PBXBuildFile; fileRef = 3A6F314A25051F32003264CD /* JacketSurveyCard.swift */; };
		3A6F314D25052164003264CD /* DailyJacketRecommendation.swift in Sources */ = {isa = PBXBuildFile; fileRef = 3A6F314C25052164003264CD /* DailyJacketRecommendation.swift */; };
		3A77F8C625165101002CE49F /* Podfile in Resources */ = {isa = PBXBuildFile; fileRef = 3A77F8C525165101002CE49F /* Podfile */; };
		3AB1A88724B6775A008A8FA6 /* AppDelegate.swift in Sources */ = {isa = PBXBuildFile; fileRef = 3AB1A88624B6775A008A8FA6 /* AppDelegate.swift */; };
		3AB1A88924B6775A008A8FA6 /* SceneDelegate.swift in Sources */ = {isa = PBXBuildFile; fileRef = 3AB1A88824B6775A008A8FA6 /* SceneDelegate.swift */; };
		3AB1A88B24B6775A008A8FA6 /* ContentView.swift in Sources */ = {isa = PBXBuildFile; fileRef = 3AB1A88A24B6775A008A8FA6 /* ContentView.swift */; };
		3AB1A88D24B6775E008A8FA6 /* Assets.xcassets in Resources */ = {isa = PBXBuildFile; fileRef = 3AB1A88C24B6775E008A8FA6 /* Assets.xcassets */; };
		3AB1A89024B6775E008A8FA6 /* Preview Assets.xcassets in Resources */ = {isa = PBXBuildFile; fileRef = 3AB1A88F24B6775E008A8FA6 /* Preview Assets.xcassets */; };
		3AB1A89324B6775E008A8FA6 /* LaunchScreen.storyboard in Resources */ = {isa = PBXBuildFile; fileRef = 3AB1A89124B6775E008A8FA6 /* LaunchScreen.storyboard */; };
		E65490837D5069B016B7DB1D /* Pods_MorningBird.framework in Frameworks */ = {isa = PBXBuildFile; fileRef = 78A18A7EB852A2DBCFAD62AA /* Pods_MorningBird.framework */; };
/* End PBXBuildFile section */

/* Begin PBXFileReference section */
		3A04E30F24BF61B700CB5427 /* WeatherData.swift */ = {isa = PBXFileReference; lastKnownFileType = sourcecode.swift; path = WeatherData.swift; sourceTree = "<group>"; };
		3A04E31124BF756D00CB5427 /* WeatherDetails.swift */ = {isa = PBXFileReference; lastKnownFileType = sourcecode.swift; path = WeatherDetails.swift; sourceTree = "<group>"; };
		3A04E31324BF758800CB5427 /* WeatherDescription.swift */ = {isa = PBXFileReference; lastKnownFileType = sourcecode.swift; path = WeatherDescription.swift; sourceTree = "<group>"; };
		3A05714D2533663F0037D425 /* colors.plist */ = {isa = PBXFileReference; lastKnownFileType = text.plist.xml; path = colors.plist; sourceTree = "<group>"; };
		3A06F29D24C2427F00ED1BA1 /* City.swift */ = {isa = PBXFileReference; lastKnownFileType = sourcecode.swift; path = City.swift; sourceTree = "<group>"; };
		3A06F29F24C2458000ED1BA1 /* CityList.swift */ = {isa = PBXFileReference; lastKnownFileType = sourcecode.swift; path = CityList.swift; sourceTree = "<group>"; };
		3A06F2A124C245B300ED1BA1 /* CityListView.swift */ = {isa = PBXFileReference; lastKnownFileType = sourcecode.swift; path = CityListView.swift; sourceTree = "<group>"; };
		3A06F2A324C246EE00ED1BA1 /* CityRow.swift */ = {isa = PBXFileReference; lastKnownFileType = sourcecode.swift; path = CityRow.swift; sourceTree = "<group>"; };
		3A06F2A524C2476400ED1BA1 /* CityWeatherView.swift */ = {isa = PBXFileReference; lastKnownFileType = sourcecode.swift; path = CityWeatherView.swift; sourceTree = "<group>"; };
		3A06F2A824C257D600ED1BA1 /* Palette.swift */ = {isa = PBXFileReference; lastKnownFileType = sourcecode.swift; path = Palette.swift; sourceTree = "<group>"; };
		3A06F2AB24C257F800ED1BA1 /* BackgroundGradient.swift */ = {isa = PBXFileReference; lastKnownFileType = sourcecode.swift; path = BackgroundGradient.swift; sourceTree = "<group>"; };
		3A06F2AD24C25E7E00ED1BA1 /* AddCityView.swift */ = {isa = PBXFileReference; lastKnownFileType = sourcecode.swift; path = AddCityView.swift; sourceTree = "<group>"; };
		3A06F2E624C36CF500ED1BA1 /* DetailButtons.swift */ = {isa = PBXFileReference; lastKnownFileType = sourcecode.swift; path = DetailButtons.swift; sourceTree = "<group>"; };
		3A06F2E824C3784F00ED1BA1 /* WeatherWind.swift */ = {isa = PBXFileReference; lastKnownFileType = sourcecode.swift; path = WeatherWind.swift; sourceTree = "<group>"; };
		3A06F2ED24C3BB3900ED1BA1 /* Quote.swift */ = {isa = PBXFileReference; lastKnownFileType = sourcecode.swift; path = Quote.swift; sourceTree = "<group>"; };
		3A06F2F324C3C2F100ED1BA1 /* QuoteData.swift */ = {isa = PBXFileReference; lastKnownFileType = sourcecode.swift; path = QuoteData.swift; sourceTree = "<group>"; };
		3A06F2F824C4E03B00ED1BA1 /* MorningBird-Bridging-Header.h */ = {isa = PBXFileReference; lastKnownFileType = sourcecode.c.h; path = "MorningBird-Bridging-Header.h"; sourceTree = "<group>"; };
		3A06F2FD24C4E17000ED1BA1 /* SpotifyiOS.framework */ = {isa = PBXFileReference; lastKnownFileType = wrapper.framework; path = SpotifyiOS.framework; sourceTree = "<group>"; };
		3A6F313F2503D758003264CD /* JacketRegressionModel.swift */ = {isa = PBXFileReference; lastKnownFileType = sourcecode.swift; path = JacketRegressionModel.swift; sourceTree = "<group>"; };
		3A6F31422503D898003264CD /* UserData.xcdatamodel */ = {isa = PBXFileReference; lastKnownFileType = wrapper.xcdatamodel; path = UserData.xcdatamodel; sourceTree = "<group>"; };
		3A6F31442503E7F4003264CD /* JacketWornSurvey.swift */ = {isa = PBXFileReference; lastKnownFileType = sourcecode.swift; path = JacketWornSurvey.swift; sourceTree = "<group>"; };
		3A6F314625040AE0003264CD /* UserCity+Extensions.swift */ = {isa = PBXFileReference; lastKnownFileType = sourcecode.swift; path = "UserCity+Extensions.swift"; sourceTree = "<group>"; };
		3A6F314825040B1C003264CD /* UserJacketData+Extensions.swift */ = {isa = PBXFileReference; lastKnownFileType = sourcecode.swift; path = "UserJacketData+Extensions.swift"; sourceTree = "<group>"; };
		3A6F314A25051F32003264CD /* JacketSurveyCard.swift */ = {isa = PBXFileReference; lastKnownFileType = sourcecode.swift; path = JacketSurveyCard.swift; sourceTree = "<group>"; };
		3A6F314C25052164003264CD /* DailyJacketRecommendation.swift */ = {isa = PBXFileReference; lastKnownFileType = sourcecode.swift; path = DailyJacketRecommendation.swift; sourceTree = "<group>"; };
		3A77F8C525165101002CE49F /* Podfile */ = {isa = PBXFileReference; fileEncoding = 4; lastKnownFileType = text; path = Podfile; sourceTree = "<group>"; xcLanguageSpecificationIdentifier = xcode.lang.ruby; };
		3AB1A88324B6775A008A8FA6 /* MorningBird.app */ = {isa = PBXFileReference; explicitFileType = wrapper.application; includeInIndex = 0; path = MorningBird.app; sourceTree = BUILT_PRODUCTS_DIR; };
		3AB1A88624B6775A008A8FA6 /* AppDelegate.swift */ = {isa = PBXFileReference; lastKnownFileType = sourcecode.swift; path = AppDelegate.swift; sourceTree = "<group>"; };
		3AB1A88824B6775A008A8FA6 /* SceneDelegate.swift */ = {isa = PBXFileReference; lastKnownFileType = sourcecode.swift; path = SceneDelegate.swift; sourceTree = "<group>"; };
		3AB1A88A24B6775A008A8FA6 /* ContentView.swift */ = {isa = PBXFileReference; lastKnownFileType = sourcecode.swift; path = ContentView.swift; sourceTree = "<group>"; };
		3AB1A88C24B6775E008A8FA6 /* Assets.xcassets */ = {isa = PBXFileReference; lastKnownFileType = folder.assetcatalog; path = Assets.xcassets; sourceTree = "<group>"; };
		3AB1A88F24B6775E008A8FA6 /* Preview Assets.xcassets */ = {isa = PBXFileReference; lastKnownFileType = folder.assetcatalog; path = "Preview Assets.xcassets"; sourceTree = "<group>"; };
		3AB1A89224B6775E008A8FA6 /* Base */ = {isa = PBXFileReference; lastKnownFileType = file.storyboard; name = Base; path = Base.lproj/LaunchScreen.storyboard; sourceTree = "<group>"; };
		3AB1A89424B6775E008A8FA6 /* Info.plist */ = {isa = PBXFileReference; lastKnownFileType = text.plist.xml; path = Info.plist; sourceTree = "<group>"; };
		61E374CAD5CF2EA3C773DBC6 /* Pods-MorningBird.debug.xcconfig */ = {isa = PBXFileReference; includeInIndex = 1; lastKnownFileType = text.xcconfig; name = "Pods-MorningBird.debug.xcconfig"; path = "Target Support Files/Pods-MorningBird/Pods-MorningBird.debug.xcconfig"; sourceTree = "<group>"; };
		78A18A7EB852A2DBCFAD62AA /* Pods_MorningBird.framework */ = {isa = PBXFileReference; explicitFileType = wrapper.framework; includeInIndex = 0; path = Pods_MorningBird.framework; sourceTree = BUILT_PRODUCTS_DIR; };
		D5B70A26D9EC34E55D4C9018 /* Pods-MorningBird.release.xcconfig */ = {isa = PBXFileReference; includeInIndex = 1; lastKnownFileType = text.xcconfig; name = "Pods-MorningBird.release.xcconfig"; path = "Target Support Files/Pods-MorningBird/Pods-MorningBird.release.xcconfig"; sourceTree = "<group>"; };
/* End PBXFileReference section */

/* Begin PBXFrameworksBuildPhase section */
		3AB1A88024B6775A008A8FA6 /* Frameworks */ = {
			isa = PBXFrameworksBuildPhase;
			buildActionMask = 2147483647;
			files = (
				3A06F2FE24C4E17000ED1BA1 /* SpotifyiOS.framework in Frameworks */,
				E65490837D5069B016B7DB1D /* Pods_MorningBird.framework in Frameworks */,
			);
			runOnlyForDeploymentPostprocessing = 0;
		};
/* End PBXFrameworksBuildPhase section */

/* Begin PBXGroup section */
		08DEE547873964F4862AA3A4 /* Pods */ = {
			isa = PBXGroup;
			children = (
				61E374CAD5CF2EA3C773DBC6 /* Pods-MorningBird.debug.xcconfig */,
				D5B70A26D9EC34E55D4C9018 /* Pods-MorningBird.release.xcconfig */,
			);
			name = Pods;
			path = MorningBird/Pods;
			sourceTree = "<group>";
		};
		351766F3DA6E0F6589B1FF79 /* Frameworks */ = {
			isa = PBXGroup;
			children = (
				78A18A7EB852A2DBCFAD62AA /* Pods_MorningBird.framework */,
			);
			name = Frameworks;
			sourceTree = "<group>";
		};
		3A06F2A724C2576400ED1BA1 /* Utils */ = {
			isa = PBXGroup;
			children = (
				3A06F2A824C257D600ED1BA1 /* Palette.swift */,
			);
			path = Utils;
			sourceTree = "<group>";
		};
		3A06F2AA24C257EA00ED1BA1 /* Components */ = {
			isa = PBXGroup;
			children = (
				3A06F2AB24C257F800ED1BA1 /* BackgroundGradient.swift */,
				3A06F2E624C36CF500ED1BA1 /* DetailButtons.swift */,
				3A6F314A25051F32003264CD /* JacketSurveyCard.swift */,
				3A6F314C25052164003264CD /* DailyJacketRecommendation.swift */,
			);
			path = Components;
			sourceTree = "<group>";
		};
		3AB1A87A24B6775A008A8FA6 = {
			isa = PBXGroup;
			children = (
				3A06F2FD24C4E17000ED1BA1 /* SpotifyiOS.framework */,
				3A06F2F824C4E03B00ED1BA1 /* MorningBird-Bridging-Header.h */,
				3AB1A88524B6775A008A8FA6 /* MorningBird */,
				08DEE547873964F4862AA3A4 /* Pods */,
				351766F3DA6E0F6589B1FF79 /* Frameworks */,
			);
			sourceTree = "<group>";
		};
		3AB1A88424B6775A008A8FA6 /* Products */ = {
			isa = PBXGroup;
			children = (
				3AB1A88324B6775A008A8FA6 /* MorningBird.app */,
			);
			name = Products;
			path = ../..;
			sourceTree = "<group>";
		};
		3AB1A88524B6775A008A8FA6 /* MorningBird */ = {
			isa = PBXGroup;
			children = (
				3A06F2AA24C257EA00ED1BA1 /* Components */,
				3A06F2A724C2576400ED1BA1 /* Utils */,
				3AD07D3924C11DB600B33282 /* Views */,
				3AB1A89A24B67775008A8FA6 /* Models */,
				3AB1A88624B6775A008A8FA6 /* AppDelegate.swift */,
				3AB1A88824B6775A008A8FA6 /* SceneDelegate.swift */,
				3AB1A88A24B6775A008A8FA6 /* ContentView.swift */,
				3AB1A88C24B6775E008A8FA6 /* Assets.xcassets */,
				3AB1A89124B6775E008A8FA6 /* LaunchScreen.storyboard */,
				3AB1A89424B6775E008A8FA6 /* Info.plist */,
				3A77F8C525165101002CE49F /* Podfile */,
				3AB1A88E24B6775E008A8FA6 /* Preview Content */,
				3A05714D2533663F0037D425 /* colors.plist */,
			);
			path = MorningBird;
			sourceTree = "<group>";
		};
		3AB1A88E24B6775E008A8FA6 /* Preview Content */ = {
			isa = PBXGroup;
			children = (
				3AB1A88F24B6775E008A8FA6 /* Preview Assets.xcassets */,
				3AB1A88424B6775A008A8FA6 /* Products */,
			);
			path = "Preview Content";
			sourceTree = "<group>";
		};
		3AB1A89A24B67775008A8FA6 /* Models */ = {
			isa = PBXGroup;
			children = (
				3A04E30F24BF61B700CB5427 /* WeatherData.swift */,
				3A04E31124BF756D00CB5427 /* WeatherDetails.swift */,
				3A04E31324BF758800CB5427 /* WeatherDescription.swift */,
				3A06F29D24C2427F00ED1BA1 /* City.swift */,
				3A06F29F24C2458000ED1BA1 /* CityList.swift */,
				3A06F2E824C3784F00ED1BA1 /* WeatherWind.swift */,
				3A06F2ED24C3BB3900ED1BA1 /* Quote.swift */,
				3A06F2F324C3C2F100ED1BA1 /* QuoteData.swift */,
				3A6F313F2503D758003264CD /* JacketRegressionModel.swift */,
				3A6F31412503D898003264CD /* MorningBird.xcdatamodeld */,
				3A6F314625040AE0003264CD /* UserCity+Extensions.swift */,
				3A6F314825040B1C003264CD /* UserJacketData+Extensions.swift */,
			);
			path = Models;
			sourceTree = "<group>";
		};
		3AD07D3924C11DB600B33282 /* Views */ = {
			isa = PBXGroup;
			children = (
				3A06F2A124C245B300ED1BA1 /* CityListView.swift */,
				3A06F2A324C246EE00ED1BA1 /* CityRow.swift */,
				3A06F2A524C2476400ED1BA1 /* CityWeatherView.swift */,
				3A06F2AD24C25E7E00ED1BA1 /* AddCityView.swift */,
				3A6F31442503E7F4003264CD /* JacketWornSurvey.swift */,
			);
			path = Views;
			sourceTree = "<group>";
		};
/* End PBXGroup section */

/* Begin PBXNativeTarget section */
		3AB1A88224B6775A008A8FA6 /* MorningBird */ = {
			isa = PBXNativeTarget;
			buildConfigurationList = 3AB1A89724B6775E008A8FA6 /* Build configuration list for PBXNativeTarget "MorningBird" */;
			buildPhases = (
				5877F0FC3ACA03EF66336D4E /* [CP] Check Pods Manifest.lock */,
				3AB1A87F24B6775A008A8FA6 /* Sources */,
				3AB1A88024B6775A008A8FA6 /* Frameworks */,
				3AB1A88124B6775A008A8FA6 /* Resources */,
			);
			buildRules = (
			);
			dependencies = (
			);
			name = MorningBird;
			productName = MorningBird;
			productReference = 3AB1A88324B6775A008A8FA6 /* MorningBird.app */;
			productType = "com.apple.product-type.application";
		};
/* End PBXNativeTarget section */

/* Begin PBXProject section */
		3AB1A87B24B6775A008A8FA6 /* Project object */ = {
			isa = PBXProject;
			attributes = {
				LastSwiftUpdateCheck = 1130;
				LastUpgradeCheck = 1130;
				ORGANIZATIONNAME = "Janessa Tran";
				TargetAttributes = {
					3AB1A88224B6775A008A8FA6 = {
						CreatedOnToolsVersion = 11.3.1;
					};
				};
			};
			buildConfigurationList = 3AB1A87E24B6775A008A8FA6 /* Build configuration list for PBXProject "MorningBird" */;
			compatibilityVersion = "Xcode 9.3";
			developmentRegion = en;
			hasScannedForEncodings = 0;
			knownRegions = (
				en,
				Base,
			);
			mainGroup = 3AB1A87A24B6775A008A8FA6;
			productRefGroup = 3AB1A88424B6775A008A8FA6 /* Products */;
			projectDirPath = "";
			projectRoot = "";
			targets = (
				3AB1A88224B6775A008A8FA6 /* MorningBird */,
			);
		};
/* End PBXProject section */

/* Begin PBXResourcesBuildPhase section */
		3AB1A88124B6775A008A8FA6 /* Resources */ = {
			isa = PBXResourcesBuildPhase;
			buildActionMask = 2147483647;
			files = (
				3AB1A89324B6775E008A8FA6 /* LaunchScreen.storyboard in Resources */,
				3AB1A89024B6775E008A8FA6 /* Preview Assets.xcassets in Resources */,
				3A05714E2533663F0037D425 /* colors.plist in Resources */,
				3A77F8C625165101002CE49F /* Podfile in Resources */,
				3AB1A88D24B6775E008A8FA6 /* Assets.xcassets in Resources */,
			);
			runOnlyForDeploymentPostprocessing = 0;
		};
/* End PBXResourcesBuildPhase section */

/* Begin PBXShellScriptBuildPhase section */
		5877F0FC3ACA03EF66336D4E /* [CP] Check Pods Manifest.lock */ = {
			isa = PBXShellScriptBuildPhase;
			buildActionMask = 2147483647;
			files = (
			);
			inputFileListPaths = (
			);
			inputPaths = (
				"${PODS_PODFILE_DIR_PATH}/Podfile.lock",
				"${PODS_ROOT}/Manifest.lock",
			);
			name = "[CP] Check Pods Manifest.lock";
			outputFileListPaths = (
			);
			outputPaths = (
				"$(DERIVED_FILE_DIR)/Pods-MorningBird-checkManifestLockResult.txt",
			);
			runOnlyForDeploymentPostprocessing = 0;
			shellPath = /bin/sh;
			shellScript = "diff \"${PODS_PODFILE_DIR_PATH}/Podfile.lock\" \"${PODS_ROOT}/Manifest.lock\" > /dev/null\nif [ $? != 0 ] ; then\n    # print error to STDERR\n    echo \"error: The sandbox is not in sync with the Podfile.lock. Run 'pod install' or update your CocoaPods installation.\" >&2\n    exit 1\nfi\n# This output is used by Xcode 'outputs' to avoid re-running this script phase.\necho \"SUCCESS\" > \"${SCRIPT_OUTPUT_FILE_0}\"\n";
			showEnvVarsInLog = 0;
		};
/* End PBXShellScriptBuildPhase section */

/* Begin PBXSourcesBuildPhase section */
		3AB1A87F24B6775A008A8FA6 /* Sources */ = {
			isa = PBXSourcesBuildPhase;
			buildActionMask = 2147483647;
			files = (
				3A06F2A624C2476400ED1BA1 /* CityWeatherView.swift in Sources */,
				3A6F31402503D758003264CD /* JacketRegressionModel.swift in Sources */,
				3A04E31024BF61B700CB5427 /* WeatherData.swift in Sources */,
				3A6F314B25051F33003264CD /* JacketSurveyCard.swift in Sources */,
				3A6F314D25052164003264CD /* DailyJacketRecommendation.swift in Sources */,
				3A06F29E24C2427F00ED1BA1 /* City.swift in Sources */,
				3A06F2A024C2458000ED1BA1 /* CityList.swift in Sources */,
				3A06F2EE24C3BB3900ED1BA1 /* Quote.swift in Sources */,
				3A06F2A424C246EE00ED1BA1 /* CityRow.swift in Sources */,
				3A06F2F424C3C2F100ED1BA1 /* QuoteData.swift in Sources */,
				3A06F2E724C36CF500ED1BA1 /* DetailButtons.swift in Sources */,
				3AB1A88724B6775A008A8FA6 /* AppDelegate.swift in Sources */,
				3A6F31432503D898003264CD /* MorningBird.xcdatamodeld in Sources */,
				3A04E31224BF756D00CB5427 /* WeatherDetails.swift in Sources */,
				3A06F2AE24C25E7E00ED1BA1 /* AddCityView.swift in Sources */,
				3A04E31424BF758800CB5427 /* WeatherDescription.swift in Sources */,
				3A6F31452503E7F4003264CD /* JacketWornSurvey.swift in Sources */,
				3AB1A88924B6775A008A8FA6 /* SceneDelegate.swift in Sources */,
				3AB1A88B24B6775A008A8FA6 /* ContentView.swift in Sources */,
				3A06F2A224C245B300ED1BA1 /* CityListView.swift in Sources */,
				3A06F2A924C257D600ED1BA1 /* Palette.swift in Sources */,
				3A06F2E924C3784F00ED1BA1 /* WeatherWind.swift in Sources */,
				3A6F314725040AE0003264CD /* UserCity+Extensions.swift in Sources */,
				3A06F2AC24C257F800ED1BA1 /* BackgroundGradient.swift in Sources */,
				3A6F314925040B1C003264CD /* UserJacketData+Extensions.swift in Sources */,
			);
			runOnlyForDeploymentPostprocessing = 0;
		};
/* End PBXSourcesBuildPhase section */

/* Begin PBXVariantGroup section */
		3AB1A89124B6775E008A8FA6 /* LaunchScreen.storyboard */ = {
			isa = PBXVariantGroup;
			children = (
				3AB1A89224B6775E008A8FA6 /* Base */,
			);
			name = LaunchScreen.storyboard;
			sourceTree = "<group>";
		};
/* End PBXVariantGroup section */

/* Begin XCBuildConfiguration section */
		3AB1A89524B6775E008A8FA6 /* Debug */ = {
			isa = XCBuildConfiguration;
			buildSettings = {
				ALWAYS_SEARCH_USER_PATHS = NO;
				CLANG_ANALYZER_NONNULL = YES;
				CLANG_ANALYZER_NUMBER_OBJECT_CONVERSION = YES_AGGRESSIVE;
				CLANG_CXX_LANGUAGE_STANDARD = "gnu++14";
				CLANG_CXX_LIBRARY = "libc++";
				CLANG_ENABLE_MODULES = YES;
				CLANG_ENABLE_OBJC_ARC = YES;
				CLANG_ENABLE_OBJC_WEAK = YES;
				CLANG_WARN_BLOCK_CAPTURE_AUTORELEASING = YES;
				CLANG_WARN_BOOL_CONVERSION = YES;
				CLANG_WARN_COMMA = YES;
				CLANG_WARN_CONSTANT_CONVERSION = YES;
				CLANG_WARN_DEPRECATED_OBJC_IMPLEMENTATIONS = YES;
				CLANG_WARN_DIRECT_OBJC_ISA_USAGE = YES_ERROR;
				CLANG_WARN_DOCUMENTATION_COMMENTS = YES;
				CLANG_WARN_EMPTY_BODY = YES;
				CLANG_WARN_ENUM_CONVERSION = YES;
				CLANG_WARN_INFINITE_RECURSION = YES;
				CLANG_WARN_INT_CONVERSION = YES;
				CLANG_WARN_NON_LITERAL_NULL_CONVERSION = YES;
				CLANG_WARN_OBJC_IMPLICIT_RETAIN_SELF = YES;
				CLANG_WARN_OBJC_LITERAL_CONVERSION = YES;
				CLANG_WARN_OBJC_ROOT_CLASS = YES_ERROR;
				CLANG_WARN_RANGE_LOOP_ANALYSIS = YES;
				CLANG_WARN_STRICT_PROTOTYPES = YES;
				CLANG_WARN_SUSPICIOUS_MOVE = YES;
				CLANG_WARN_UNGUARDED_AVAILABILITY = YES_AGGRESSIVE;
				CLANG_WARN_UNREACHABLE_CODE = YES;
				CLANG_WARN__DUPLICATE_METHOD_MATCH = YES;
				COPY_PHASE_STRIP = NO;
				DEBUG_INFORMATION_FORMAT = dwarf;
				ENABLE_STRICT_OBJC_MSGSEND = YES;
				ENABLE_TESTABILITY = YES;
				GCC_C_LANGUAGE_STANDARD = gnu11;
				GCC_DYNAMIC_NO_PIC = NO;
				GCC_NO_COMMON_BLOCKS = YES;
				GCC_OPTIMIZATION_LEVEL = 0;
				GCC_PREPROCESSOR_DEFINITIONS = (
					"DEBUG=1",
					"$(inherited)",
				);
				GCC_WARN_64_TO_32_BIT_CONVERSION = YES;
				GCC_WARN_ABOUT_RETURN_TYPE = YES_ERROR;
				GCC_WARN_UNDECLARED_SELECTOR = YES;
				GCC_WARN_UNINITIALIZED_AUTOS = YES_AGGRESSIVE;
				GCC_WARN_UNUSED_FUNCTION = YES;
				GCC_WARN_UNUSED_VARIABLE = YES;
				IPHONEOS_DEPLOYMENT_TARGET = 13.2;
				MTL_ENABLE_DEBUG_INFO = INCLUDE_SOURCE;
				MTL_FAST_MATH = YES;
				ONLY_ACTIVE_ARCH = YES;
				SDKROOT = iphoneos;
				SWIFT_ACTIVE_COMPILATION_CONDITIONS = DEBUG;
				SWIFT_OPTIMIZATION_LEVEL = "-Onone";
			};
			name = Debug;
		};
		3AB1A89624B6775E008A8FA6 /* Release */ = {
			isa = XCBuildConfiguration;
			buildSettings = {
				ALWAYS_SEARCH_USER_PATHS = NO;
				CLANG_ANALYZER_NONNULL = YES;
				CLANG_ANALYZER_NUMBER_OBJECT_CONVERSION = YES_AGGRESSIVE;
				CLANG_CXX_LANGUAGE_STANDARD = "gnu++14";
				CLANG_CXX_LIBRARY = "libc++";
				CLANG_ENABLE_MODULES = YES;
				CLANG_ENABLE_OBJC_ARC = YES;
				CLANG_ENABLE_OBJC_WEAK = YES;
				CLANG_WARN_BLOCK_CAPTURE_AUTORELEASING = YES;
				CLANG_WARN_BOOL_CONVERSION = YES;
				CLANG_WARN_COMMA = YES;
				CLANG_WARN_CONSTANT_CONVERSION = YES;
				CLANG_WARN_DEPRECATED_OBJC_IMPLEMENTATIONS = YES;
				CLANG_WARN_DIRECT_OBJC_ISA_USAGE = YES_ERROR;
				CLANG_WARN_DOCUMENTATION_COMMENTS = YES;
				CLANG_WARN_EMPTY_BODY = YES;
				CLANG_WARN_ENUM_CONVERSION = YES;
				CLANG_WARN_INFINITE_RECURSION = YES;
				CLANG_WARN_INT_CONVERSION = YES;
				CLANG_WARN_NON_LITERAL_NULL_CONVERSION = YES;
				CLANG_WARN_OBJC_IMPLICIT_RETAIN_SELF = YES;
				CLANG_WARN_OBJC_LITERAL_CONVERSION = YES;
				CLANG_WARN_OBJC_ROOT_CLASS = YES_ERROR;
				CLANG_WARN_RANGE_LOOP_ANALYSIS = YES;
				CLANG_WARN_STRICT_PROTOTYPES = YES;
				CLANG_WARN_SUSPICIOUS_MOVE = YES;
				CLANG_WARN_UNGUARDED_AVAILABILITY = YES_AGGRESSIVE;
				CLANG_WARN_UNREACHABLE_CODE = YES;
				CLANG_WARN__DUPLICATE_METHOD_MATCH = YES;
				COPY_PHASE_STRIP = NO;
				DEBUG_INFORMATION_FORMAT = "dwarf-with-dsym";
				ENABLE_NS_ASSERTIONS = NO;
				ENABLE_STRICT_OBJC_MSGSEND = YES;
				GCC_C_LANGUAGE_STANDARD = gnu11;
				GCC_NO_COMMON_BLOCKS = YES;
				GCC_WARN_64_TO_32_BIT_CONVERSION = YES;
				GCC_WARN_ABOUT_RETURN_TYPE = YES_ERROR;
				GCC_WARN_UNDECLARED_SELECTOR = YES;
				GCC_WARN_UNINITIALIZED_AUTOS = YES_AGGRESSIVE;
				GCC_WARN_UNUSED_FUNCTION = YES;
				GCC_WARN_UNUSED_VARIABLE = YES;
				IPHONEOS_DEPLOYMENT_TARGET = 13.2;
				MTL_ENABLE_DEBUG_INFO = NO;
				MTL_FAST_MATH = YES;
				SDKROOT = iphoneos;
				SWIFT_COMPILATION_MODE = wholemodule;
				SWIFT_OPTIMIZATION_LEVEL = "-O";
				VALIDATE_PRODUCT = YES;
			};
			name = Release;
		};
		3AB1A89824B6775E008A8FA6 /* Debug */ = {
			isa = XCBuildConfiguration;
			baseConfigurationReference = 61E374CAD5CF2EA3C773DBC6 /* Pods-MorningBird.debug.xcconfig */;
			buildSettings = {
				ASSETCATALOG_COMPILER_APPICON_NAME = AppIcon;
				CODE_SIGN_STYLE = Automatic;
				DEVELOPMENT_ASSET_PATHS = "\"MorningBird/Preview Content\"";
				DEVELOPMENT_TEAM = AVGX93U5KZ;
				ENABLE_PREVIEWS = YES;
				FRAMEWORK_SEARCH_PATHS = (
					"$(inherited)",
					"$(PROJECT_DIR)/MorningBird",
					"$(PROJECT_DIR)",
				);
				INFOPLIST_FILE = MorningBird/Info.plist;
				LD_RUNPATH_SEARCH_PATHS = (
					"$(inherited)",
					"@executable_path/Frameworks",
				);
				"OTHER_LDFLAGS[arch=*]" = "-ObjC";
				PRODUCT_BUNDLE_IDENTIFIER = com.morningbird.app;
				PRODUCT_NAME = "$(TARGET_NAME)";
				SWIFT_OBJC_BRIDGING_HEADER = "MorningBird-Bridging-Header.h";
				SWIFT_PRECOMPILE_BRIDGING_HEADER = YES;
				SWIFT_VERSION = 5.0;
				TARGETED_DEVICE_FAMILY = "1,2";
			};
			name = Debug;
		};
		3AB1A89924B6775E008A8FA6 /* Release */ = {
			isa = XCBuildConfiguration;
			baseConfigurationReference = D5B70A26D9EC34E55D4C9018 /* Pods-MorningBird.release.xcconfig */;
			buildSettings = {
				ASSETCATALOG_COMPILER_APPICON_NAME = AppIcon;
				CODE_SIGN_STYLE = Automatic;
				DEVELOPMENT_ASSET_PATHS = "\"MorningBird/Preview Content\"";
				DEVELOPMENT_TEAM = AVGX93U5KZ;
				ENABLE_PREVIEWS = YES;
				FRAMEWORK_SEARCH_PATHS = (
					"$(inherited)",
					"$(PROJECT_DIR)/MorningBird",
					"$(PROJECT_DIR)",
				);
				INFOPLIST_FILE = MorningBird/Info.plist;
				LD_RUNPATH_SEARCH_PATHS = (
					"$(inherited)",
					"@executable_path/Frameworks",
				);
				"OTHER_LDFLAGS[arch=*]" = "-ObjC";
				PRODUCT_BUNDLE_IDENTIFIER = com.morningbird.app;
				PRODUCT_NAME = "$(TARGET_NAME)";
				SWIFT_OBJC_BRIDGING_HEADER = "MorningBird-Bridging-Header.h";
				SWIFT_PRECOMPILE_BRIDGING_HEADER = YES;
				SWIFT_VERSION = 5.0;
				TARGETED_DEVICE_FAMILY = "1,2";
			};
			name = Release;
		};
/* End XCBuildConfiguration section */

/* Begin XCConfigurationList section */
		3AB1A87E24B6775A008A8FA6 /* Build configuration list for PBXProject "MorningBird" */ = {
			isa = XCConfigurationList;
			buildConfigurations = (
				3AB1A89524B6775E008A8FA6 /* Debug */,
				3AB1A89624B6775E008A8FA6 /* Release */,
			);
			defaultConfigurationIsVisible = 0;
			defaultConfigurationName = Release;
		};
		3AB1A89724B6775E008A8FA6 /* Build configuration list for PBXNativeTarget "MorningBird" */ = {
			isa = XCConfigurationList;
			buildConfigurations = (
				3AB1A89824B6775E008A8FA6 /* Debug */,
				3AB1A89924B6775E008A8FA6 /* Release */,
			);
			defaultConfigurationIsVisible = 0;
			defaultConfigurationName = Release;
		};
/* End XCConfigurationList section */

/* Begin XCVersionGroup section */
		3A6F31412503D898003264CD /* MorningBird.xcdatamodeld */ = {
			isa = XCVersionGroup;
			children = (
				3A6F31422503D898003264CD /* UserData.xcdatamodel */,
			);
			currentVersion = 3A6F31422503D898003264CD /* UserData.xcdatamodel */;
			path = MorningBird.xcdatamodeld;
			sourceTree = "<group>";
			versionGroupType = wrapper.xcdatamodel;
		};
/* End XCVersionGroup section */
	};
	rootObject = 3AB1A87B24B6775A008A8FA6 /* Project object */;
}
